
Microsoft Visual Studio Solution File, Format Version 12.00
# Visual Studio 15
VisualStudioVersion = 15.0.27004.2009
MinimumVisualStudioVersion = 10.0.40219.1
Project("{9A19103F-16F7-4668-BE54-9A1E7A4F7556}") = "CityInformation.Api", "CityInformation.Api\CityInformation.Api.csproj", "{445B7764-E588-4883-9D67-6369D744AF1B}"
EndProject
Project("{FAE04EC0-301F-11D3-BF4B-00C04F79EFBC}") = "CityInformation.Database", "CityInformation.Database\CityInformation.Database.csproj", "{4EFEEB60-326B-4543-946A-2CC5358AA3B1}"
EndProject
Global
	GlobalSection(SolutionConfigurationPlatforms) = preSolution
		Debug|Any CPU = Debug|Any CPU
		Release|Any CPU = Release|Any CPU
	EndGlobalSection
	GlobalSection(ProjectConfigurationPlatforms) = postSolution
		{445B7764-E588-4883-9D67-6369D744AF1B}.Debug|Any CPU.ActiveCfg = Debug|Any CPU
		{445B7764-E588-4883-9D67-6369D744AF1B}.Debug|Any CPU.Build.0 = Debug|Any CPU
		{445B7764-E588-4883-9D67-6369D744AF1B}.Release|Any CPU.ActiveCfg = Release|Any CPU
		{445B7764-E588-4883-9D67-6369D744AF1B}.Release|Any CPU.Build.0 = Release|Any CPU
		{4EFEEB60-326B-4543-946A-2CC5358AA3B1}.Debug|Any CPU.ActiveCfg = Debug|Any CPU
		{4EFEEB60-326B-4543-946A-2CC5358AA3B1}.Debug|Any CPU.Build.0 = Debug|Any CPU
		{4EFEEB60-326B-4543-946A-2CC5358AA3B1}.Release|Any CPU.ActiveCfg = Release|Any CPU
		{4EFEEB60-326B-4543-946A-2CC5358AA3B1}.Release|Any CPU.Build.0 = Release|Any CPU
	EndGlobalSection
	GlobalSection(SolutionProperties) = preSolution
		HideSolutionNode = FALSE
	EndGlobalSection
	GlobalSection(ExtensibilityGlobals) = postSolution
		SolutionGuid = {A29C6C65-24F7-4C14-B48B-2C09AFA8896D}
	EndGlobalSection
EndGlobal
